// !$*UTF8*$!
{
	archiveVersion = 1;
	classes = {
	};
	objectVersion = 56;
	objects = {

/* Begin PBXBuildFile section */
		6E0A86382BB5A07D00C92ACE /* ExamListView.swift in Sources */ = {isa = PBXBuildFile; fileRef = 6E0A86372BB5A07D00C92ACE /* ExamListView.swift */; };
		6E0A863A2BB5D26000C92ACE /* Topic.swift in Sources */ = {isa = PBXBuildFile; fileRef = 6E0A86392BB5D26000C92ACE /* Topic.swift */; };
		6E0A863C2BB5E64F00C92ACE /* Course.swift in Sources */ = {isa = PBXBuildFile; fileRef = 6E0A863B2BB5E64F00C92ACE /* Course.swift */; };
		6E0A863F2BB5E98B00C92ACE /* CourseListView.swift in Sources */ = {isa = PBXBuildFile; fileRef = 6E0A863E2BB5E98B00C92ACE /* CourseListView.swift */; };
		6E5D85342BCDB2110084B6AE /* Professor.swift in Sources */ = {isa = PBXBuildFile; fileRef = 6E5D85332BCDB2110084B6AE /* Professor.swift */; };
		6E5D85392BCDBF7C0084B6AE /* Launch.storyboard in Resources */ = {isa = PBXBuildFile; fileRef = 6E5D85382BCDBF7C0084B6AE /* Launch.storyboard */; };
		6E5D853D2BCDC8200084B6AE /* ProfessorListView.swift in Sources */ = {isa = PBXBuildFile; fileRef = 6E5D853C2BCDC8200084B6AE /* ProfessorListView.swift */; };
		6E5D85422BCDCCCF0084B6AE /* EditProfessorView.swift in Sources */ = {isa = PBXBuildFile; fileRef = 6E5D85412BCDCCCF0084B6AE /* EditProfessorView.swift */; };
		6E5D85442BCED6AE0084B6AE /* imageicon.png in Resources */ = {isa = PBXBuildFile; fileRef = 6E5D85432BCED6AE0084B6AE /* imageicon.png */; };
		6E8E2FBC2BB44A90009A6B71 /* ExamUSApp.swift in Sources */ = {isa = PBXBuildFile; fileRef = 6E8E2FBB2BB44A90009A6B71 /* ExamUSApp.swift */; };
		6E8E2FBE2BB44A90009A6B71 /* ContentView.swift in Sources */ = {isa = PBXBuildFile; fileRef = 6E8E2FBD2BB44A90009A6B71 /* ContentView.swift */; };
		6E8E2FC02BB44A93009A6B71 /* Assets.xcassets in Resources */ = {isa = PBXBuildFile; fileRef = 6E8E2FBF2BB44A93009A6B71 /* Assets.xcassets */; };
		6E8E2FC42BB44A93009A6B71 /* Preview Assets.xcassets in Resources */ = {isa = PBXBuildFile; fileRef = 6E8E2FC32BB44A93009A6B71 /* Preview Assets.xcassets */; };
		6E8E2FCD2BB44FAD009A6B71 /* Exam.swift in Sources */ = {isa = PBXBuildFile; fileRef = 6E8E2FCC2BB44FAD009A6B71 /* Exam.swift */; };
		6E9402222BB45A7500CBBC58 /* EditExamView.swift in Sources */ = {isa = PBXBuildFile; fileRef = 6E9402212BB45A7500CBBC58 /* EditExamView.swift */; };
		6EB8FEB52BCED75D00F9A22C /* logo-ETSII-US-Horizontal-Color.png in Resources */ = {isa = PBXBuildFile; fileRef = 6EB8FEB42BCED75D00F9A22C /* logo-ETSII-US-Horizontal-Color.png */; };
		6EC9D41C2BB632B6000FD54E /* EditCourseView.swift in Sources */ = {isa = PBXBuildFile; fileRef = 6EC9D41B2BB632B6000FD54E /* EditCourseView.swift */; };
/* End PBXBuildFile section */

/* Begin PBXFileReference section */
		6E0A86372BB5A07D00C92ACE /* ExamListView.swift */ = {isa = PBXFileReference; lastKnownFileType = sourcecode.swift; path = ExamListView.swift; sourceTree = "<group>"; };
		6E0A86392BB5D26000C92ACE /* Topic.swift */ = {isa = PBXFileReference; lastKnownFileType = sourcecode.swift; path = Topic.swift; sourceTree = "<group>"; };
		6E0A863B2BB5E64F00C92ACE /* Course.swift */ = {isa = PBXFileReference; lastKnownFileType = sourcecode.swift; path = Course.swift; sourceTree = "<group>"; };
		6E0A863E2BB5E98B00C92ACE /* CourseListView.swift */ = {isa = PBXFileReference; lastKnownFileType = sourcecode.swift; path = CourseListView.swift; sourceTree = "<group>"; };
		6E35C5F52BDD1BA400EA3FE8 /* Info.plist */ = {isa = PBXFileReference; lastKnownFileType = text.plist; path = Info.plist; sourceTree = "<group>"; };
		6E5D85332BCDB2110084B6AE /* Professor.swift */ = {isa = PBXFileReference; lastKnownFileType = sourcecode.swift; path = Professor.swift; sourceTree = "<group>"; };
		6E5D85382BCDBF7C0084B6AE /* Launch.storyboard */ = {isa = PBXFileReference; lastKnownFileType = file.storyboard; path = Launch.storyboard; sourceTree = "<group>"; };
		6E5D853C2BCDC8200084B6AE /* ProfessorListView.swift */ = {isa = PBXFileReference; lastKnownFileType = sourcecode.swift; path = ProfessorListView.swift; sourceTree = "<group>"; };
		6E5D85412BCDCCCF0084B6AE /* EditProfessorView.swift */ = {isa = PBXFileReference; lastKnownFileType = sourcecode.swift; path = EditProfessorView.swift; sourceTree = "<group>"; };
		6E5D85432BCED6AE0084B6AE /* imageicon.png */ = {isa = PBXFileReference; lastKnownFileType = image.png; path = imageicon.png; sourceTree = "<group>"; };
		6E8E2FB82BB44A90009A6B71 /* ExamUS.app */ = {isa = PBXFileReference; explicitFileType = wrapper.application; includeInIndex = 0; path = ExamUS.app; sourceTree = BUILT_PRODUCTS_DIR; };
		6E8E2FBB2BB44A90009A6B71 /* ExamUSApp.swift */ = {isa = PBXFileReference; lastKnownFileType = sourcecode.swift; path = ExamUSApp.swift; sourceTree = "<group>"; };
		6E8E2FBD2BB44A90009A6B71 /* ContentView.swift */ = {isa = PBXFileReference; lastKnownFileType = sourcecode.swift; path = ContentView.swift; sourceTree = "<group>"; };
		6E8E2FBF2BB44A93009A6B71 /* Assets.xcassets */ = {isa = PBXFileReference; lastKnownFileType = folder.assetcatalog; path = Assets.xcassets; sourceTree = "<group>"; };
		6E8E2FC12BB44A93009A6B71 /* ExamUS.entitlements */ = {isa = PBXFileReference; lastKnownFileType = text.plist.entitlements; path = ExamUS.entitlements; sourceTree = "<group>"; };
		6E8E2FC32BB44A93009A6B71 /* Preview Assets.xcassets */ = {isa = PBXFileReference; lastKnownFileType = folder.assetcatalog; path = "Preview Assets.xcassets"; sourceTree = "<group>"; };
		6E8E2FCC2BB44FAD009A6B71 /* Exam.swift */ = {isa = PBXFileReference; lastKnownFileType = sourcecode.swift; path = Exam.swift; sourceTree = "<group>"; };
		6E9402212BB45A7500CBBC58 /* EditExamView.swift */ = {isa = PBXFileReference; lastKnownFileType = sourcecode.swift; path = EditExamView.swift; sourceTree = "<group>"; };
		6EB8FEB42BCED75D00F9A22C /* logo-ETSII-US-Horizontal-Color.png */ = {isa = PBXFileReference; lastKnownFileType = image.png; path = "logo-ETSII-US-Horizontal-Color.png"; sourceTree = "<group>"; };
		6EC9D41B2BB632B6000FD54E /* EditCourseView.swift */ = {isa = PBXFileReference; lastKnownFileType = sourcecode.swift; path = EditCourseView.swift; sourceTree = "<group>"; };
/* End PBXFileReference section */

/* Begin PBXFrameworksBuildPhase section */
		6E8E2FB52BB44A90009A6B71 /* Frameworks */ = {
			isa = PBXFrameworksBuildPhase;
			buildActionMask = 2147483647;
			files = (
			);
			runOnlyForDeploymentPostprocessing = 0;
		};
/* End PBXFrameworksBuildPhase section */

/* Begin PBXGroup section */
		6E0A863D2BB5E78400C92ACE /* Models */ = {
			isa = PBXGroup;
			children = (
				6E0A86392BB5D26000C92ACE /* Topic.swift */,
				6E0A863B2BB5E64F00C92ACE /* Course.swift */,
				6E8E2FCC2BB44FAD009A6B71 /* Exam.swift */,
				6E5D85332BCDB2110084B6AE /* Professor.swift */,
			);
			path = Models;
			sourceTree = "<group>";
		};
		6E5D85372BCDBF680084B6AE /* Extensions */ = {
			isa = PBXGroup;
			children = (
				6EB8FEB42BCED75D00F9A22C /* logo-ETSII-US-Horizontal-Color.png */,
				6E5D85432BCED6AE0084B6AE /* imageicon.png */,
				6E5D85382BCDBF7C0084B6AE /* Launch.storyboard */,
			);
			path = Extensions;
			sourceTree = "<group>";
		};
		6E5D853E2BCDCC800084B6AE /* Exam */ = {
			isa = PBXGroup;
			children = (
				6E0A86372BB5A07D00C92ACE /* ExamListView.swift */,
				6E9402212BB45A7500CBBC58 /* EditExamView.swift */,
			);
			path = Exam;
			sourceTree = "<group>";
		};
		6E5D853F2BCDCC880084B6AE /* Course */ = {
			isa = PBXGroup;
			children = (
				6E0A863E2BB5E98B00C92ACE /* CourseListView.swift */,
				6EC9D41B2BB632B6000FD54E /* EditCourseView.swift */,
			);
			path = Course;
			sourceTree = "<group>";
		};
		6E5D85402BCDCC8E0084B6AE /* Professor */ = {
			isa = PBXGroup;
			children = (
				6E5D853C2BCDC8200084B6AE /* ProfessorListView.swift */,
				6E5D85412BCDCCCF0084B6AE /* EditProfessorView.swift */,
			);
			path = Professor;
			sourceTree = "<group>";
		};
		6E8E2FAF2BB44A90009A6B71 = {
			isa = PBXGroup;
			children = (
				6E5D85372BCDBF680084B6AE /* Extensions */,
				6E8E2FBA2BB44A90009A6B71 /* ExamUS */,
				6E8E2FB92BB44A90009A6B71 /* Products */,
			);
			sourceTree = "<group>";
		};
		6E8E2FB92BB44A90009A6B71 /* Products */ = {
			isa = PBXGroup;
			children = (
				6E8E2FB82BB44A90009A6B71 /* ExamUS.app */,
			);
			name = Products;
			sourceTree = "<group>";
		};
		6E8E2FBA2BB44A90009A6B71 /* ExamUS */ = {
			isa = PBXGroup;
			children = (
				6E35C5F52BDD1BA400EA3FE8 /* Info.plist */,
				6E8E2FBB2BB44A90009A6B71 /* ExamUSApp.swift */,
				6E8E2FBD2BB44A90009A6B71 /* ContentView.swift */,
				6E5D853E2BCDCC800084B6AE /* Exam */,
				6E5D853F2BCDCC880084B6AE /* Course */,
				6E5D85402BCDCC8E0084B6AE /* Professor */,
				6E0A863D2BB5E78400C92ACE /* Models */,
				6E8E2FBF2BB44A93009A6B71 /* Assets.xcassets */,
				6E8E2FC12BB44A93009A6B71 /* ExamUS.entitlements */,
				6E8E2FC22BB44A93009A6B71 /* Preview Content */,
			);
			path = ExamUS;
			sourceTree = "<group>";
		};
		6E8E2FC22BB44A93009A6B71 /* Preview Content */ = {
			isa = PBXGroup;
			children = (
				6E8E2FC32BB44A93009A6B71 /* Preview Assets.xcassets */,
			);
			path = "Preview Content";
			sourceTree = "<group>";
		};
/* End PBXGroup section */

/* Begin PBXNativeTarget section */
		6E8E2FB72BB44A90009A6B71 /* ExamUS */ = {
			isa = PBXNativeTarget;
			buildConfigurationList = 6E8E2FC72BB44A93009A6B71 /* Build configuration list for PBXNativeTarget "ExamUS" */;
			buildPhases = (
				6E8E2FB42BB44A90009A6B71 /* Sources */,
				6E8E2FB52BB44A90009A6B71 /* Frameworks */,
				6E8E2FB62BB44A90009A6B71 /* Resources */,
			);
			buildRules = (
			);
			dependencies = (
			);
			name = ExamUS;
			productName = ExamUS;
			productReference = 6E8E2FB82BB44A90009A6B71 /* ExamUS.app */;
			productType = "com.apple.product-type.application";
		};
/* End PBXNativeTarget section */

/* Begin PBXProject section */
		6E8E2FB02BB44A90009A6B71 /* Project object */ = {
			isa = PBXProject;
			attributes = {
				BuildIndependentTargetsInParallel = 1;
				LastSwiftUpdateCheck = 1530;
				LastUpgradeCheck = 1530;
				TargetAttributes = {
					6E8E2FB72BB44A90009A6B71 = {
						CreatedOnToolsVersion = 15.3;
					};
				};
			};
			buildConfigurationList = 6E8E2FB32BB44A90009A6B71 /* Build configuration list for PBXProject "ExamUS" */;
			compatibilityVersion = "Xcode 14.0";
			developmentRegion = en;
			hasScannedForEncodings = 0;
			knownRegions = (
				en,
				Base,
			);
			mainGroup = 6E8E2FAF2BB44A90009A6B71;
			productRefGroup = 6E8E2FB92BB44A90009A6B71 /* Products */;
			projectDirPath = "";
			projectRoot = "";
			targets = (
				6E8E2FB72BB44A90009A6B71 /* ExamUS */,
			);
		};
/* End PBXProject section */

/* Begin PBXResourcesBuildPhase section */
		6E8E2FB62BB44A90009A6B71 /* Resources */ = {
			isa = PBXResourcesBuildPhase;
			buildActionMask = 2147483647;
			files = (
				6E5D85442BCED6AE0084B6AE /* imageicon.png in Resources */,
				6EB8FEB52BCED75D00F9A22C /* logo-ETSII-US-Horizontal-Color.png in Resources */,
				6E8E2FC42BB44A93009A6B71 /* Preview Assets.xcassets in Resources */,
				6E8E2FC02BB44A93009A6B71 /* Assets.xcassets in Resources */,
				6E5D85392BCDBF7C0084B6AE /* Launch.storyboard in Resources */,
			);
			runOnlyForDeploymentPostprocessing = 0;
		};
/* End PBXResourcesBuildPhase section */

/* Begin PBXSourcesBuildPhase section */
		6E8E2FB42BB44A90009A6B71 /* Sources */ = {
			isa = PBXSourcesBuildPhase;
			buildActionMask = 2147483647;
			files = (
				6E8E2FBE2BB44A90009A6B71 /* ContentView.swift in Sources */,
				6EC9D41C2BB632B6000FD54E /* EditCourseView.swift in Sources */,
				6E5D85422BCDCCCF0084B6AE /* EditProfessorView.swift in Sources */,
				6E0A863C2BB5E64F00C92ACE /* Course.swift in Sources */,
				6E0A863A2BB5D26000C92ACE /* Topic.swift in Sources */,
				6E9402222BB45A7500CBBC58 /* EditExamView.swift in Sources */,
				6E0A86382BB5A07D00C92ACE /* ExamListView.swift in Sources */,
				6E8E2FBC2BB44A90009A6B71 /* ExamUSApp.swift in Sources */,
				6E5D85342BCDB2110084B6AE /* Professor.swift in Sources */,
				6E8E2FCD2BB44FAD009A6B71 /* Exam.swift in Sources */,
				6E5D853D2BCDC8200084B6AE /* ProfessorListView.swift in Sources */,
				6E0A863F2BB5E98B00C92ACE /* CourseListView.swift in Sources */,
			);
			runOnlyForDeploymentPostprocessing = 0;
		};
/* End PBXSourcesBuildPhase section */

/* Begin XCBuildConfiguration section */
		6E8E2FC52BB44A93009A6B71 /* Debug */ = {
			isa = XCBuildConfiguration;
			buildSettings = {
				ALWAYS_SEARCH_USER_PATHS = NO;
				ASSETCATALOG_COMPILER_GENERATE_SWIFT_ASSET_SYMBOL_EXTENSIONS = YES;
				CLANG_ANALYZER_NONNULL = YES;
				CLANG_ANALYZER_NUMBER_OBJECT_CONVERSION = YES_AGGRESSIVE;
				CLANG_CXX_LANGUAGE_STANDARD = "gnu++20";
				CLANG_ENABLE_MODULES = YES;
				CLANG_ENABLE_OBJC_ARC = YES;
				CLANG_ENABLE_OBJC_WEAK = YES;
				CLANG_WARN_BLOCK_CAPTURE_AUTORELEASING = YES;
				CLANG_WARN_BOOL_CONVERSION = YES;
				CLANG_WARN_COMMA = YES;
				CLANG_WARN_CONSTANT_CONVERSION = YES;
				CLANG_WARN_DEPRECATED_OBJC_IMPLEMENTATIONS = YES;
				CLANG_WARN_DIRECT_OBJC_ISA_USAGE = YES_ERROR;
				CLANG_WARN_DOCUMENTATION_COMMENTS = YES;
				CLANG_WARN_EMPTY_BODY = YES;
				CLANG_WARN_ENUM_CONVERSION = YES;
				CLANG_WARN_INFINITE_RECURSION = YES;
				CLANG_WARN_INT_CONVERSION = YES;
				CLANG_WARN_NON_LITERAL_NULL_CONVERSION = YES;
				CLANG_WARN_OBJC_IMPLICIT_RETAIN_SELF = YES;
				CLANG_WARN_OBJC_LITERAL_CONVERSION = YES;
				CLANG_WARN_OBJC_ROOT_CLASS = YES_ERROR;
				CLANG_WARN_QUOTED_INCLUDE_IN_FRAMEWORK_HEADER = YES;
				CLANG_WARN_RANGE_LOOP_ANALYSIS = YES;
				CLANG_WARN_STRICT_PROTOTYPES = YES;
				CLANG_WARN_SUSPICIOUS_MOVE = YES;
				CLANG_WARN_UNGUARDED_AVAILABILITY = YES_AGGRESSIVE;
				CLANG_WARN_UNREACHABLE_CODE = YES;
				CLANG_WARN__DUPLICATE_METHOD_MATCH = YES;
				COPY_PHASE_STRIP = NO;
				DEBUG_INFORMATION_FORMAT = dwarf;
				ENABLE_STRICT_OBJC_MSGSEND = YES;
				ENABLE_TESTABILITY = YES;
				ENABLE_USER_SCRIPT_SANDBOXING = YES;
				GCC_C_LANGUAGE_STANDARD = gnu17;
				GCC_DYNAMIC_NO_PIC = NO;
				GCC_NO_COMMON_BLOCKS = YES;
				GCC_OPTIMIZATION_LEVEL = 0;
				GCC_PREPROCESSOR_DEFINITIONS = (
					"DEBUG=1",
					"$(inherited)",
				);
				GCC_WARN_64_TO_32_BIT_CONVERSION = YES;
				GCC_WARN_ABOUT_RETURN_TYPE = YES_ERROR;
				GCC_WARN_UNDECLARED_SELECTOR = YES;
				GCC_WARN_UNINITIALIZED_AUTOS = YES_AGGRESSIVE;
				GCC_WARN_UNUSED_FUNCTION = YES;
				GCC_WARN_UNUSED_VARIABLE = YES;
				IPHONEOS_DEPLOYMENT_TARGET = 17.4;
				LOCALIZATION_PREFERS_STRING_CATALOGS = YES;
				MTL_ENABLE_DEBUG_INFO = INCLUDE_SOURCE;
				MTL_FAST_MATH = YES;
				ONLY_ACTIVE_ARCH = YES;
				SWIFT_ACTIVE_COMPILATION_CONDITIONS = "DEBUG $(inherited)";
				SWIFT_OPTIMIZATION_LEVEL = "-Onone";
			};
			name = Debug;
		};
		6E8E2FC62BB44A93009A6B71 /* Release */ = {
			isa = XCBuildConfiguration;
			buildSettings = {
				ALWAYS_SEARCH_USER_PATHS = NO;
				ASSETCATALOG_COMPILER_GENERATE_SWIFT_ASSET_SYMBOL_EXTENSIONS = YES;
				CLANG_ANALYZER_NONNULL = YES;
				CLANG_ANALYZER_NUMBER_OBJECT_CONVERSION = YES_AGGRESSIVE;
				CLANG_CXX_LANGUAGE_STANDARD = "gnu++20";
				CLANG_ENABLE_MODULES = YES;
				CLANG_ENABLE_OBJC_ARC = YES;
				CLANG_ENABLE_OBJC_WEAK = YES;
				CLANG_WARN_BLOCK_CAPTURE_AUTORELEASING = YES;
				CLANG_WARN_BOOL_CONVERSION = YES;
				CLANG_WARN_COMMA = YES;
				CLANG_WARN_CONSTANT_CONVERSION = YES;
				CLANG_WARN_DEPRECATED_OBJC_IMPLEMENTATIONS = YES;
				CLANG_WARN_DIRECT_OBJC_ISA_USAGE = YES_ERROR;
				CLANG_WARN_DOCUMENTATION_COMMENTS = YES;
				CLANG_WARN_EMPTY_BODY = YES;
				CLANG_WARN_ENUM_CONVERSION = YES;
				CLANG_WARN_INFINITE_RECURSION = YES;
				CLANG_WARN_INT_CONVERSION = YES;
				CLANG_WARN_NON_LITERAL_NULL_CONVERSION = YES;
				CLANG_WARN_OBJC_IMPLICIT_RETAIN_SELF = YES;
				CLANG_WARN_OBJC_LITERAL_CONVERSION = YES;
				CLANG_WARN_OBJC_ROOT_CLASS = YES_ERROR;
				CLANG_WARN_QUOTED_INCLUDE_IN_FRAMEWORK_HEADER = YES;
				CLANG_WARN_RANGE_LOOP_ANALYSIS = YES;
				CLANG_WARN_STRICT_PROTOTYPES = YES;
				CLANG_WARN_SUSPICIOUS_MOVE = YES;
				CLANG_WARN_UNGUARDED_AVAILABILITY = YES_AGGRESSIVE;
				CLANG_WARN_UNREACHABLE_CODE = YES;
				CLANG_WARN__DUPLICATE_METHOD_MATCH = YES;
				COPY_PHASE_STRIP = NO;
				DEBUG_INFORMATION_FORMAT = "dwarf-with-dsym";
				ENABLE_NS_ASSERTIONS = NO;
				ENABLE_STRICT_OBJC_MSGSEND = YES;
				ENABLE_USER_SCRIPT_SANDBOXING = YES;
				GCC_C_LANGUAGE_STANDARD = gnu17;
				GCC_NO_COMMON_BLOCKS = YES;
				GCC_WARN_64_TO_32_BIT_CONVERSION = YES;
				GCC_WARN_ABOUT_RETURN_TYPE = YES_ERROR;
				GCC_WARN_UNDECLARED_SELECTOR = YES;
				GCC_WARN_UNINITIALIZED_AUTOS = YES_AGGRESSIVE;
				GCC_WARN_UNUSED_FUNCTION = YES;
				GCC_WARN_UNUSED_VARIABLE = YES;
				IPHONEOS_DEPLOYMENT_TARGET = 17.4;
				LOCALIZATION_PREFERS_STRING_CATALOGS = YES;
				MTL_ENABLE_DEBUG_INFO = NO;
				MTL_FAST_MATH = YES;
				SWIFT_COMPILATION_MODE = wholemodule;
			};
			name = Release;
		};
		6E8E2FC82BB44A93009A6B71 /* Debug */ = {
			isa = XCBuildConfiguration;
			buildSettings = {
				ASSETCATALOG_COMPILER_APPICON_NAME = AppIcon;
				ASSETCATALOG_COMPILER_GLOBAL_ACCENT_COLOR_NAME = AccentColor;
				CODE_SIGN_ENTITLEMENTS = ExamUS/ExamUS.entitlements;
				CODE_SIGN_STYLE = Automatic;
				CURRENT_PROJECT_VERSION = 1;
				DEVELOPMENT_ASSET_PATHS = "\"ExamUS/Preview Content\"";
				DEVELOPMENT_TEAM = 8U637K48FH;
				ENABLE_HARDENED_RUNTIME = YES;
				ENABLE_PREVIEWS = YES;
				GENERATE_INFOPLIST_FILE = YES;
				INFOPLIST_FILE = ExamUS/Info.plist;
				INFOPLIST_KEY_CFBundleDisplayName = ExamUS;
				INFOPLIST_KEY_LSApplicationCategoryType = "public.app-category.education";
				"INFOPLIST_KEY_UIApplicationSceneManifest_Generation[sdk=iphoneos*]" = YES;
				"INFOPLIST_KEY_UIApplicationSceneManifest_Generation[sdk=iphonesimulator*]" = YES;
				"INFOPLIST_KEY_UIApplicationSupportsIndirectInputEvents[sdk=iphoneos*]" = YES;
				"INFOPLIST_KEY_UIApplicationSupportsIndirectInputEvents[sdk=iphonesimulator*]" = YES;
				"INFOPLIST_KEY_UILaunchScreen_Generation[sdk=iphoneos*]" = YES;
				"INFOPLIST_KEY_UILaunchScreen_Generation[sdk=iphonesimulator*]" = YES;
				INFOPLIST_KEY_UILaunchStoryboardName = Launch.storyboard;
				INFOPLIST_KEY_UIStatusBarStyle = "";
				"INFOPLIST_KEY_UIStatusBarStyle[sdk=iphoneos*]" = UIStatusBarStyleDefault;
				"INFOPLIST_KEY_UIStatusBarStyle[sdk=iphonesimulator*]" = UIStatusBarStyleDefault;
				INFOPLIST_KEY_UISupportedInterfaceOrientations_iPad = "UIInterfaceOrientationPortrait UIInterfaceOrientationPortraitUpsideDown UIInterfaceOrientationLandscapeLeft UIInterfaceOrientationLandscapeRight";
				INFOPLIST_KEY_UISupportedInterfaceOrientations_iPhone = "UIInterfaceOrientationPortrait UIInterfaceOrientationLandscapeLeft UIInterfaceOrientationLandscapeRight";
				IPHONEOS_DEPLOYMENT_TARGET = 17.4;
				LD_RUNPATH_SEARCH_PATHS = "@executable_path/Frameworks";
				"LD_RUNPATH_SEARCH_PATHS[sdk=macosx*]" = "@executable_path/../Frameworks";
				MACOSX_DEPLOYMENT_TARGET = 14.4;
				MARKETING_VERSION = 1.0;
				PRODUCT_BUNDLE_IDENTIFIER = com.cdbauroraypablo.ExamUS;
				PRODUCT_NAME = "$(TARGET_NAME)";
				SDKROOT = auto;
				SUPPORTED_PLATFORMS = "iphoneos iphonesimulator";
				SUPPORTS_MACCATALYST = NO;
				SUPPORTS_MAC_DESIGNED_FOR_IPHONE_IPAD = YES;
				SWIFT_EMIT_LOC_STRINGS = YES;
				SWIFT_VERSION = 5.0;
				TARGETED_DEVICE_FAMILY = "1,2";
			};
			name = Debug;
		};
		6E8E2FC92BB44A93009A6B71 /* Release */ = {
			isa = XCBuildConfiguration;
			buildSettings = {
				ASSETCATALOG_COMPILER_APPICON_NAME = AppIcon;
				ASSETCATALOG_COMPILER_GLOBAL_ACCENT_COLOR_NAME = AccentColor;
				CODE_SIGN_ENTITLEMENTS = ExamUS/ExamUS.entitlements;
				CODE_SIGN_STYLE = Automatic;
				CURRENT_PROJECT_VERSION = 1;
				DEVELOPMENT_ASSET_PATHS = "\"ExamUS/Preview Content\"";
				DEVELOPMENT_TEAM = 8U637K48FH;
				ENABLE_HARDENED_RUNTIME = YES;
				ENABLE_PREVIEWS = YES;
				GENERATE_INFOPLIST_FILE = YES;
				INFOPLIST_FILE = ExamUS/Info.plist;
				INFOPLIST_KEY_CFBundleDisplayName = ExamUS;
				INFOPLIST_KEY_LSApplicationCategoryType = "public.app-category.education";
				"INFOPLIST_KEY_UIApplicationSceneManifest_Generation[sdk=iphoneos*]" = YES;
				"INFOPLIST_KEY_UIApplicationSceneManifest_Generation[sdk=iphonesimulator*]" = YES;
				"INFOPLIST_KEY_UIApplicationSupportsIndirectInputEvents[sdk=iphoneos*]" = YES;
				"INFOPLIST_KEY_UIApplicationSupportsIndirectInputEvents[sdk=iphonesimulator*]" = YES;
				"INFOPLIST_KEY_UILaunchScreen_Generation[sdk=iphoneos*]" = YES;
				"INFOPLIST_KEY_UILaunchScreen_Generation[sdk=iphonesimulator*]" = YES;
				INFOPLIST_KEY_UILaunchStoryboardName = Launch.storyboard;
				INFOPLIST_KEY_UIStatusBarStyle = "";
				"INFOPLIST_KEY_UIStatusBarStyle[sdk=iphoneos*]" = UIStatusBarStyleDefault;
				"INFOPLIST_KEY_UIStatusBarStyle[sdk=iphonesimulator*]" = UIStatusBarStyleDefault;
				INFOPLIST_KEY_UISupportedInterfaceOrientations_iPad = "UIInterfaceOrientationPortrait UIInterfaceOrientationPortraitUpsideDown UIInterfaceOrientationLandscapeLeft UIInterfaceOrientationLandscapeRight";
				INFOPLIST_KEY_UISupportedInterfaceOrientations_iPhone = "UIInterfaceOrientationPortrait UIInterfaceOrientationLandscapeLeft UIInterfaceOrientationLandscapeRight";
				IPHONEOS_DEPLOYMENT_TARGET = 17.4;
				LD_RUNPATH_SEARCH_PATHS = "@executable_path/Frameworks";
				"LD_RUNPATH_SEARCH_PATHS[sdk=macosx*]" = "@executable_path/../Frameworks";
				MACOSX_DEPLOYMENT_TARGET = 14.4;
				MARKETING_VERSION = 1.0;
				PRODUCT_BUNDLE_IDENTIFIER = com.cdbauroraypablo.ExamUS;
				PRODUCT_NAME = "$(TARGET_NAME)";
				SDKROOT = auto;
				SUPPORTED_PLATFORMS = "iphoneos iphonesimulator";
				SUPPORTS_MACCATALYST = NO;
				SUPPORTS_MAC_DESIGNED_FOR_IPHONE_IPAD = YES;
				SWIFT_EMIT_LOC_STRINGS = YES;
				SWIFT_VERSION = 5.0;
				TARGETED_DEVICE_FAMILY = "1,2";
			};
			name = Release;
		};
/* End XCBuildConfiguration section */

/* Begin XCConfigurationList section */
		6E8E2FB32BB44A90009A6B71 /* Build configuration list for PBXProject "ExamUS" */ = {
			isa = XCConfigurationList;
			buildConfigurations = (
				6E8E2FC52BB44A93009A6B71 /* Debug */,
				6E8E2FC62BB44A93009A6B71 /* Release */,
			);
			defaultConfigurationIsVisible = 0;
			defaultConfigurationName = Release;
		};
		6E8E2FC72BB44A93009A6B71 /* Build configuration list for PBXNativeTarget "ExamUS" */ = {
			isa = XCConfigurationList;
			buildConfigurations = (
				6E8E2FC82BB44A93009A6B71 /* Debug */,
				6E8E2FC92BB44A93009A6B71 /* Release */,
			);
			defaultConfigurationIsVisible = 0;
			defaultConfigurationName = Release;
		};
/* End XCConfigurationList section */
	};
	rootObject = 6E8E2FB02BB44A90009A6B71 /* Project object */;
}
